
Microsoft Visual Studio Solution File, Format Version 11.00
# Visual Studio 2010
Project("{FAE04EC0-301F-11D3-BF4B-00C04F79EFBC}") = "EraNameConverter", "EraNameConverter\EraNameConverter.csproj", "{9EAD86A9-4DBA-4293-99FC-8DD8E6DC4AFE}"
EndProject
Global
	GlobalSection(SolutionConfigurationPlatforms) = preSolution
		Debug|x86 = Debug|x86
		Release|x86 = Release|x86
	EndGlobalSection
	GlobalSection(ProjectConfigurationPlatforms) = postSolution
		{9EAD86A9-4DBA-4293-99FC-8DD8E6DC4AFE}.Debug|x86.ActiveCfg = Debug|x86
		{9EAD86A9-4DBA-4293-99FC-8DD8E6DC4AFE}.Debug|x86.Build.0 = Debug|x86
		{9EAD86A9-4DBA-4293-99FC-8DD8E6DC4AFE}.Release|x86.ActiveCfg = Release|x86
		{9EAD86A9-4DBA-4293-99FC-8DD8E6DC4AFE}.Release|x86.Build.0 = Release|x86
	EndGlobalSection
	GlobalSection(SolutionProperties) = preSolution
		HideSolutionNode = FALSE
	EndGlobalSection
EndGlobal
